
Microsoft Visual Studio Solution File, Format Version 12.00
# Visual Studio 15
VisualStudioVersion = 15.0.27428.2037
MinimumVisualStudioVersion = 10.0.40219.1
Project("{FAE04EC0-301F-11D3-BF4B-00C04F79EFBC}") = "WebCrawlerForInvivoChem", "WebCrawlerForInvivoChem\WebCrawlerForInvivoChem.csproj", "{B95A24ED-E3FB-4500-862F-474B00C32B6C}"
EndProject
Project("{FAE04EC0-301F-11D3-BF4B-00C04F79EFBC}") = "DatabaseScriptsProjectCS", "DatabaseScriptsProjectCS\DatabaseScriptsProjectCS.csproj", "{508CD7F4-3626-4037-AADF-4D25D0B6A92C}"
EndProject
Global
	GlobalSection(SolutionConfigurationPlatforms) = preSolution
		Debug|Any CPU = Debug|Any CPU
		Release|Any CPU = Release|Any CPU
	EndGlobalSection
	GlobalSection(ProjectConfigurationPlatforms) = postSolution
		{B95A24ED-E3FB-4500-862F-474B00C32B6C}.Debug|Any CPU.ActiveCfg = Debug|Any CPU
		{B95A24ED-E3FB-4500-862F-474B00C32B6C}.Debug|Any CPU.Build.0 = Debug|Any CPU
		{B95A24ED-E3FB-4500-862F-474B00C32B6C}.Release|Any CPU.ActiveCfg = Release|Any CPU
		{B95A24ED-E3FB-4500-862F-474B00C32B6C}.Release|Any CPU.Build.0 = Release|Any CPU
		{508CD7F4-3626-4037-AADF-4D25D0B6A92C}.Debug|Any CPU.ActiveCfg = Debug|Any CPU
		{508CD7F4-3626-4037-AADF-4D25D0B6A92C}.Debug|Any CPU.Build.0 = Debug|Any CPU
		{508CD7F4-3626-4037-AADF-4D25D0B6A92C}.Release|Any CPU.ActiveCfg = Release|Any CPU
		{508CD7F4-3626-4037-AADF-4D25D0B6A92C}.Release|Any CPU.Build.0 = Release|Any CPU
	EndGlobalSection
	GlobalSection(SolutionProperties) = preSolution
		HideSolutionNode = FALSE
	EndGlobalSection
	GlobalSection(ExtensibilityGlobals) = postSolution
		SolutionGuid = {BF2A8278-10CD-4C05-BDAF-1565C54F8491}
	EndGlobalSection
EndGlobal
